
Microsoft Visual Studio Solution File, Format Version 12.00
# Visual Studio Version 17
VisualStudioVersion = 17.5.002.0
MinimumVisualStudioVersion = 10.0.40219.1
Project("{9A19103F-16F7-4668-BE54-9A1E7A4F7556}") = "simple_webservice", "simple_webservice.csproj", "{62CED9B8-C481-491A-920F-386857875925}"
EndProject
Global
	GlobalSection(SolutionConfigurationPlatforms) = preSolution
		Debug|Any CPU = Debug|Any CPU
		Release|Any CPU = Release|Any CPU
	EndGlobalSection
	GlobalSection(ProjectConfigurationPlatforms) = postSolution
		{62CED9B8-C481-491A-920F-386857875925}.Debug|Any CPU.ActiveCfg = Debug|Any CPU
		{62CED9B8-C481-491A-920F-386857875925}.Debug|Any CPU.Build.0 = Debug|Any CPU
		{62CED9B8-C481-491A-920F-386857875925}.Release|Any CPU.ActiveCfg = Release|Any CPU
		{62CED9B8-C481-491A-920F-386857875925}.Release|Any CPU.Build.0 = Release|Any CPU
	EndGlobalSection
	GlobalSection(SolutionProperties) = preSolution
		HideSolutionNode = FALSE
	EndGlobalSection
	GlobalSection(ExtensibilityGlobals) = postSolution
		SolutionGuid = {BB50471B-7298-4264-B12A-0B19215DB3F3}
	EndGlobalSection
EndGlobal
